
Microsoft Visual Studio Solution File, Format Version 12.00
# Visual Studio Version 16
VisualStudioVersion = 16.0.32602.291
MinimumVisualStudioVersion = 10.0.40219.1
Project("{FAE04EC0-301F-11D3-BF4B-00C04F79EFBC}") = "StudentDetailsFilesSegregated", "StudentDetailsFilesSegregated\StudentDetailsFilesSegregated.csproj", "{BF4C84FC-BA55-4C1C-8239-6573951D6F60}"
EndProject
Global
	GlobalSection(SolutionConfigurationPlatforms) = preSolution
		Debug|Any CPU = Debug|Any CPU
		Release|Any CPU = Release|Any CPU
	EndGlobalSection
	GlobalSection(ProjectConfigurationPlatforms) = postSolution
		{BF4C84FC-BA55-4C1C-8239-6573951D6F60}.Debug|Any CPU.ActiveCfg = Debug|Any CPU
		{BF4C84FC-BA55-4C1C-8239-6573951D6F60}.Debug|Any CPU.Build.0 = Debug|Any CPU
		{BF4C84FC-BA55-4C1C-8239-6573951D6F60}.Release|Any CPU.ActiveCfg = Release|Any CPU
		{BF4C84FC-BA55-4C1C-8239-6573951D6F60}.Release|Any CPU.Build.0 = Release|Any CPU
	EndGlobalSection
	GlobalSection(SolutionProperties) = preSolution
		HideSolutionNode = FALSE
	EndGlobalSection
	GlobalSection(ExtensibilityGlobals) = postSolution
		SolutionGuid = {1716E87E-E7C0-4DB0-B186-3DE48FC581F7}
	EndGlobalSection
EndGlobal
